// !$*UTF8*$!
{
	archiveVersion = 1;
	classes = {
	};
	objectVersion = 50;
	objects = {

/* Begin PBXBuildFile section */
		FA132EFA22A94D9400BD9743 /* MainMenu.xib in Resources */ = {isa = PBXBuildFile; fileRef = FA132EF922A94D9400BD9743 /* MainMenu.xib */; };
		FA633E1F22A77D1C00DE6288 /* AppDelegate.swift in Sources */ = {isa = PBXBuildFile; fileRef = FA633E1E22A77D1C00DE6288 /* AppDelegate.swift */; };
		FA633E2522A77D1D00DE6288 /* Assets.xcassets in Resources */ = {isa = PBXBuildFile; fileRef = FA633E2422A77D1D00DE6288 /* Assets.xcassets */; };
		FA633E2822A77D1D00DE6288 /* Preview Assets.xcassets in Resources */ = {isa = PBXBuildFile; fileRef = FA633E2722A77D1D00DE6288 /* Preview Assets.xcassets */; };
		FA633E2B22A77D1D00DE6288 /* LaunchScreen.storyboard in Resources */ = {isa = PBXBuildFile; fileRef = FA633E2922A77D1D00DE6288 /* LaunchScreen.storyboard */; };
		FA633E3422A77D5700DE6288 /* BlockView.swift in Sources */ = {isa = PBXBuildFile; fileRef = FA633E3322A77D5700DE6288 /* BlockView.swift */; };
		FA633E3722A7928500DE6288 /* BlockMatrix.swift in Sources */ = {isa = PBXBuildFile; fileRef = FA633E3622A7928400DE6288 /* BlockMatrix.swift */; };
		FA633E3922A79AFA00DE6288 /* GameLogic.swift in Sources */ = {isa = PBXBuildFile; fileRef = FA633E3822A79AFA00DE6288 /* GameLogic.swift */; };
		FA633E3B22A79B1200DE6288 /* GameView.swift in Sources */ = {isa = PBXBuildFile; fileRef = FA633E3A22A79B1200DE6288 /* GameView.swift */; };
		FA633E3D22A79B3C00DE6288 /* BlockGridView.swift in Sources */ = {isa = PBXBuildFile; fileRef = FA633E3C22A79B3C00DE6288 /* BlockGridView.swift */; };
		FA633E3F22A7BDBB00DE6288 /* IdentifiedBlock.swift in Sources */ = {isa = PBXBuildFile; fileRef = FA633E3E22A7BDBB00DE6288 /* IdentifiedBlock.swift */; };
		FA633E4622A800AB00DE6288 /* Screenshot.png in Resources */ = {isa = PBXBuildFile; fileRef = FA633E4522A800AB00DE6288 /* Screenshot.png */; };
		FA633E4822A8019D00DE6288 /* LICENSE in Resources */ = {isa = PBXBuildFile; fileRef = FA633E4722A8019D00DE6288 /* LICENSE */; };
		FA6F2B2122A81832009C2D3B /* FunctionalUtils.swift in Sources */ = {isa = PBXBuildFile; fileRef = FA6F2B2022A81832009C2D3B /* FunctionalUtils.swift */; };
/* End PBXBuildFile section */

/* Begin PBXFileReference section */
		FA132EF822A90EFD00BD9743 /* SwiftUI2048.entitlements */ = {isa = PBXFileReference; lastKnownFileType = text.plist.entitlements; path = SwiftUI2048.entitlements; sourceTree = "<group>"; };
		FA132EF922A94D9400BD9743 /* MainMenu.xib */ = {isa = PBXFileReference; lastKnownFileType = file.xib; path = MainMenu.xib; sourceTree = "<group>"; };
		FA633E1B22A77D1C00DE6288 /* 2048.app */ = {isa = PBXFileReference; explicitFileType = wrapper.application; includeInIndex = 0; path = 2048.app; sourceTree = BUILT_PRODUCTS_DIR; };
		FA633E1E22A77D1C00DE6288 /* AppDelegate.swift */ = {isa = PBXFileReference; lastKnownFileType = sourcecode.swift; path = AppDelegate.swift; sourceTree = "<group>"; };
		FA633E2422A77D1D00DE6288 /* Assets.xcassets */ = {isa = PBXFileReference; lastKnownFileType = folder.assetcatalog; path = Assets.xcassets; sourceTree = "<group>"; };
		FA633E2722A77D1D00DE6288 /* Preview Assets.xcassets */ = {isa = PBXFileReference; lastKnownFileType = folder.assetcatalog; path = "Preview Assets.xcassets"; sourceTree = "<group>"; };
		FA633E2A22A77D1D00DE6288 /* Base */ = {isa = PBXFileReference; lastKnownFileType = file.storyboard; name = Base; path = Base.lproj/LaunchScreen.storyboard; sourceTree = "<group>"; };
		FA633E2C22A77D1D00DE6288 /* Info.plist */ = {isa = PBXFileReference; lastKnownFileType = text.plist.xml; path = Info.plist; sourceTree = "<group>"; };
		FA633E3322A77D5700DE6288 /* BlockView.swift */ = {isa = PBXFileReference; lastKnownFileType = sourcecode.swift; path = BlockView.swift; sourceTree = "<group>"; };
		FA633E3622A7928400DE6288 /* BlockMatrix.swift */ = {isa = PBXFileReference; lastKnownFileType = sourcecode.swift; path = BlockMatrix.swift; sourceTree = "<group>"; };
		FA633E3822A79AFA00DE6288 /* GameLogic.swift */ = {isa = PBXFileReference; lastKnownFileType = sourcecode.swift; path = GameLogic.swift; sourceTree = "<group>"; };
		FA633E3A22A79B1200DE6288 /* GameView.swift */ = {isa = PBXFileReference; lastKnownFileType = sourcecode.swift; path = GameView.swift; sourceTree = "<group>"; };
		FA633E3C22A79B3C00DE6288 /* BlockGridView.swift */ = {isa = PBXFileReference; lastKnownFileType = sourcecode.swift; path = BlockGridView.swift; sourceTree = "<group>"; };
		FA633E3E22A7BDBB00DE6288 /* IdentifiedBlock.swift */ = {isa = PBXFileReference; lastKnownFileType = sourcecode.swift; path = IdentifiedBlock.swift; sourceTree = "<group>"; };
		FA633E4222A7FFD000DE6288 /* README.md */ = {isa = PBXFileReference; lastKnownFileType = net.daringfireball.markdown; path = README.md; sourceTree = "<group>"; };
		FA633E4522A800AB00DE6288 /* Screenshot.png */ = {isa = PBXFileReference; lastKnownFileType = image.png; path = Screenshot.png; sourceTree = "<group>"; };
		FA633E4722A8019D00DE6288 /* LICENSE */ = {isa = PBXFileReference; lastKnownFileType = text; path = LICENSE; sourceTree = "<group>"; };
		FA6F2B2022A81832009C2D3B /* FunctionalUtils.swift */ = {isa = PBXFileReference; fileEncoding = 4; lastKnownFileType = sourcecode.swift; path = FunctionalUtils.swift; sourceTree = "<group>"; };
/* End PBXFileReference section */

/* Begin PBXFrameworksBuildPhase section */
		FA633E1822A77D1C00DE6288 /* Frameworks */ = {
			isa = PBXFrameworksBuildPhase;
			buildActionMask = 2147483647;
			files = (
			);
			runOnlyForDeploymentPostprocessing = 0;
		};
/* End PBXFrameworksBuildPhase section */

/* Begin PBXGroup section */
		FA633E1222A77D1C00DE6288 = {
			isa = PBXGroup;
			children = (
				FA633E4722A8019D00DE6288 /* LICENSE */,
				FA633E4222A7FFD000DE6288 /* README.md */,
				FA633E4522A800AB00DE6288 /* Screenshot.png */,
				FA633E1D22A77D1C00DE6288 /* SwiftUI2048 */,
				FA633E1C22A77D1C00DE6288 /* Products */,
			);
			sourceTree = "<group>";
		};
		FA633E1C22A77D1C00DE6288 /* Products */ = {
			isa = PBXGroup;
			children = (
				FA633E1B22A77D1C00DE6288 /* 2048.app */,
			);
			name = Products;
			sourceTree = "<group>";
		};
		FA633E1D22A77D1C00DE6288 /* SwiftUI2048 */ = {
			isa = PBXGroup;
			children = (
				FA132EF822A90EFD00BD9743 /* SwiftUI2048.entitlements */,
				FA6F2B2022A81832009C2D3B /* FunctionalUtils.swift */,
				FA633E3522A7926200DE6288 /* Models */,
				FA633E3222A77D3400DE6288 /* Views */,
				FA633E1E22A77D1C00DE6288 /* AppDelegate.swift */,
				FA633E2422A77D1D00DE6288 /* Assets.xcassets */,
				FA633E2922A77D1D00DE6288 /* LaunchScreen.storyboard */,
				FA132EF922A94D9400BD9743 /* MainMenu.xib */,
				FA633E2C22A77D1D00DE6288 /* Info.plist */,
				FA633E2622A77D1D00DE6288 /* Preview Content */,
			);
			path = SwiftUI2048;
			sourceTree = "<group>";
		};
		FA633E2622A77D1D00DE6288 /* Preview Content */ = {
			isa = PBXGroup;
			children = (
				FA633E2722A77D1D00DE6288 /* Preview Assets.xcassets */,
			);
			path = "Preview Content";
			sourceTree = "<group>";
		};
		FA633E3222A77D3400DE6288 /* Views */ = {
			isa = PBXGroup;
			children = (
				FA633E3322A77D5700DE6288 /* BlockView.swift */,
				FA633E3C22A79B3C00DE6288 /* BlockGridView.swift */,
				FA633E3A22A79B1200DE6288 /* GameView.swift */,
			);
			path = Views;
			sourceTree = "<group>";
		};
		FA633E3522A7926200DE6288 /* Models */ = {
			isa = PBXGroup;
			children = (
				FA633E3622A7928400DE6288 /* BlockMatrix.swift */,
				FA633E3822A79AFA00DE6288 /* GameLogic.swift */,
				FA633E3E22A7BDBB00DE6288 /* IdentifiedBlock.swift */,
			);
			path = Models;
			sourceTree = "<group>";
		};
/* End PBXGroup section */

/* Begin PBXNativeTarget section */
		FA633E1A22A77D1C00DE6288 /* 2048 */ = {
			isa = PBXNativeTarget;
			buildConfigurationList = FA633E2F22A77D1D00DE6288 /* Build configuration list for PBXNativeTarget "2048" */;
			buildPhases = (
				FA633E1722A77D1C00DE6288 /* Sources */,
				FA633E1822A77D1C00DE6288 /* Frameworks */,
				FA633E1922A77D1C00DE6288 /* Resources */,
			);
			buildRules = (
			);
			dependencies = (
			);
			name = 2048;
			productName = SwiftUI2048;
			productReference = FA633E1B22A77D1C00DE6288 /* 2048.app */;
			productType = "com.apple.product-type.application";
		};
/* End PBXNativeTarget section */

/* Begin PBXProject section */
		FA633E1322A77D1C00DE6288 /* Project object */ = {
			isa = PBXProject;
			attributes = {
				LastSwiftUpdateCheck = 1100;
				LastUpgradeCheck = 1100;
				ORGANIZATIONNAME = Cyandev;
				TargetAttributes = {
					FA633E1A22A77D1C00DE6288 = {
						CreatedOnToolsVersion = 11.0;
					};
				};
			};
			buildConfigurationList = FA633E1622A77D1C00DE6288 /* Build configuration list for PBXProject "SwiftUI2048" */;
			compatibilityVersion = "Xcode 9.3";
			developmentRegion = en;
			hasScannedForEncodings = 0;
			knownRegions = (
				en,
				Base,
			);
			mainGroup = FA633E1222A77D1C00DE6288;
			productRefGroup = FA633E1C22A77D1C00DE6288 /* Products */;
			projectDirPath = "";
			projectRoot = "";
			targets = (
				FA633E1A22A77D1C00DE6288 /* 2048 */,
			);
		};
/* End PBXProject section */

/* Begin PBXResourcesBuildPhase section */
		FA633E1922A77D1C00DE6288 /* Resources */ = {
			isa = PBXResourcesBuildPhase;
			buildActionMask = 2147483647;
			files = (
				FA633E2B22A77D1D00DE6288 /* LaunchScreen.storyboard in Resources */,
				FA633E2822A77D1D00DE6288 /* Preview Assets.xcassets in Resources */,
				FA633E2522A77D1D00DE6288 /* Assets.xcassets in Resources */,
				FA633E4622A800AB00DE6288 /* Screenshot.png in Resources */,
				FA633E4822A8019D00DE6288 /* LICENSE in Resources */,
				FA132EFA22A94D9400BD9743 /* MainMenu.xib in Resources */,
			);
			runOnlyForDeploymentPostprocessing = 0;
		};
/* End PBXResourcesBuildPhase section */

/* Begin PBXSourcesBuildPhase section */
		FA633E1722A77D1C00DE6288 /* Sources */ = {
			isa = PBXSourcesBuildPhase;
			buildActionMask = 2147483647;
			files = (
				FA633E3F22A7BDBB00DE6288 /* IdentifiedBlock.swift in Sources */,
				FA6F2B2122A81832009C2D3B /* FunctionalUtils.swift in Sources */,
				FA633E3922A79AFA00DE6288 /* GameLogic.swift in Sources */,
				FA633E3422A77D5700DE6288 /* BlockView.swift in Sources */,
				FA633E3D22A79B3C00DE6288 /* BlockGridView.swift in Sources */,
				FA633E1F22A77D1C00DE6288 /* AppDelegate.swift in Sources */,
				FA633E3722A7928500DE6288 /* BlockMatrix.swift in Sources */,
				FA633E3B22A79B1200DE6288 /* GameView.swift in Sources */,
			);
			runOnlyForDeploymentPostprocessing = 0;
		};
/* End PBXSourcesBuildPhase section */

/* Begin PBXVariantGroup section */
		FA633E2922A77D1D00DE6288 /* LaunchScreen.storyboard */ = {
			isa = PBXVariantGroup;
			children = (
				FA633E2A22A77D1D00DE6288 /* Base */,
			);
			name = LaunchScreen.storyboard;
			sourceTree = "<group>";
		};
/* End PBXVariantGroup section */

/* Begin XCBuildConfiguration section */
		FA633E2D22A77D1D00DE6288 /* Debug */ = {
			isa = XCBuildConfiguration;
			buildSettings = {
				ALWAYS_SEARCH_USER_PATHS = NO;
				CLANG_ANALYZER_NONNULL = YES;
				CLANG_ANALYZER_NUMBER_OBJECT_CONVERSION = YES_AGGRESSIVE;
				CLANG_CXX_LANGUAGE_STANDARD = "gnu++14";
				CLANG_CXX_LIBRARY = "libc++";
				CLANG_ENABLE_MODULES = YES;
				CLANG_ENABLE_OBJC_ARC = YES;
				CLANG_ENABLE_OBJC_WEAK = YES;
				CLANG_WARN_BLOCK_CAPTURE_AUTORELEASING = YES;
				CLANG_WARN_BOOL_CONVERSION = YES;
				CLANG_WARN_COMMA = YES;
				CLANG_WARN_CONSTANT_CONVERSION = YES;
				CLANG_WARN_DEPRECATED_OBJC_IMPLEMENTATIONS = YES;
				CLANG_WARN_DIRECT_OBJC_ISA_USAGE = YES_ERROR;
				CLANG_WARN_DOCUMENTATION_COMMENTS = YES;
				CLANG_WARN_EMPTY_BODY = YES;
				CLANG_WARN_ENUM_CONVERSION = YES;
				CLANG_WARN_INFINITE_RECURSION = YES;
				CLANG_WARN_INT_CONVERSION = YES;
				CLANG_WARN_NON_LITERAL_NULL_CONVERSION = YES;
				CLANG_WARN_OBJC_IMPLICIT_RETAIN_SELF = YES;
				CLANG_WARN_OBJC_LITERAL_CONVERSION = YES;
				CLANG_WARN_OBJC_ROOT_CLASS = YES_ERROR;
				CLANG_WARN_RANGE_LOOP_ANALYSIS = YES;
				CLANG_WARN_STRICT_PROTOTYPES = YES;
				CLANG_WARN_SUSPICIOUS_MOVE = YES;
				CLANG_WARN_UNGUARDED_AVAILABILITY = YES_AGGRESSIVE;
				CLANG_WARN_UNREACHABLE_CODE = YES;
				CLANG_WARN__DUPLICATE_METHOD_MATCH = YES;
				COPY_PHASE_STRIP = NO;
				DEBUG_INFORMATION_FORMAT = dwarf;
				ENABLE_STRICT_OBJC_MSGSEND = YES;
				ENABLE_TESTABILITY = YES;
				GCC_C_LANGUAGE_STANDARD = gnu11;
				GCC_DYNAMIC_NO_PIC = NO;
				GCC_NO_COMMON_BLOCKS = YES;
				GCC_OPTIMIZATION_LEVEL = 0;
				GCC_PREPROCESSOR_DEFINITIONS = (
					"DEBUG=1",
					"$(inherited)",
				);
				GCC_WARN_64_TO_32_BIT_CONVERSION = YES;
				GCC_WARN_ABOUT_RETURN_TYPE = YES_ERROR;
				GCC_WARN_UNDECLARED_SELECTOR = YES;
				GCC_WARN_UNINITIALIZED_AUTOS = YES_AGGRESSIVE;
				GCC_WARN_UNUSED_FUNCTION = YES;
				GCC_WARN_UNUSED_VARIABLE = YES;
				IPHONEOS_DEPLOYMENT_TARGET = 13.0;
				MTL_ENABLE_DEBUG_INFO = INCLUDE_SOURCE;
				MTL_FAST_MATH = YES;
				ONLY_ACTIVE_ARCH = YES;
				SDKROOT = iphoneos;
				SWIFT_ACTIVE_COMPILATION_CONDITIONS = DEBUG;
				SWIFT_OPTIMIZATION_LEVEL = "-Onone";
			};
			name = Debug;
		};
		FA633E2E22A77D1D00DE6288 /* Release */ = {
			isa = XCBuildConfiguration;
			buildSettings = {
				ALWAYS_SEARCH_USER_PATHS = NO;
				CLANG_ANALYZER_NONNULL = YES;
				CLANG_ANALYZER_NUMBER_OBJECT_CONVERSION = YES_AGGRESSIVE;
				CLANG_CXX_LANGUAGE_STANDARD = "gnu++14";
				CLANG_CXX_LIBRARY = "libc++";
				CLANG_ENABLE_MODULES = YES;
				CLANG_ENABLE_OBJC_ARC = YES;
				CLANG_ENABLE_OBJC_WEAK = YES;
				CLANG_WARN_BLOCK_CAPTURE_AUTORELEASING = YES;
				CLANG_WARN_BOOL_CONVERSION = YES;
				CLANG_WARN_COMMA = YES;
				CLANG_WARN_CONSTANT_CONVERSION = YES;
				CLANG_WARN_DEPRECATED_OBJC_IMPLEMENTATIONS = YES;
				CLANG_WARN_DIRECT_OBJC_ISA_USAGE = YES_ERROR;
				CLANG_WARN_DOCUMENTATION_COMMENTS = YES;
				CLANG_WARN_EMPTY_BODY = YES;
				CLANG_WARN_ENUM_CONVERSION = YES;
				CLANG_WARN_INFINITE_RECURSION = YES;
				CLANG_WARN_INT_CONVERSION = YES;
				CLANG_WARN_NON_LITERAL_NULL_CONVERSION = YES;
				CLANG_WARN_OBJC_IMPLICIT_RETAIN_SELF = YES;
				CLANG_WARN_OBJC_LITERAL_CONVERSION = YES;
				CLANG_WARN_OBJC_ROOT_CLASS = YES_ERROR;
				CLANG_WARN_RANGE_LOOP_ANALYSIS = YES;
				CLANG_WARN_STRICT_PROTOTYPES = YES;
				CLANG_WARN_SUSPICIOUS_MOVE = YES;
				CLANG_WARN_UNGUARDED_AVAILABILITY = YES_AGGRESSIVE;
				CLANG_WARN_UNREACHABLE_CODE = YES;
				CLANG_WARN__DUPLICATE_METHOD_MATCH = YES;
				COPY_PHASE_STRIP = NO;
				DEBUG_INFORMATION_FORMAT = "dwarf-with-dsym";
				ENABLE_NS_ASSERTIONS = NO;
				ENABLE_STRICT_OBJC_MSGSEND = YES;
				GCC_C_LANGUAGE_STANDARD = gnu11;
				GCC_NO_COMMON_BLOCKS = YES;
				GCC_WARN_64_TO_32_BIT_CONVERSION = YES;
				GCC_WARN_ABOUT_RETURN_TYPE = YES_ERROR;
				GCC_WARN_UNDECLARED_SELECTOR = YES;
				GCC_WARN_UNINITIALIZED_AUTOS = YES_AGGRESSIVE;
				GCC_WARN_UNUSED_FUNCTION = YES;
				GCC_WARN_UNUSED_VARIABLE = YES;
				IPHONEOS_DEPLOYMENT_TARGET = 13.0;
				MTL_ENABLE_DEBUG_INFO = NO;
				MTL_FAST_MATH = YES;
				SDKROOT = iphoneos;
				SWIFT_COMPILATION_MODE = wholemodule;
				SWIFT_OPTIMIZATION_LEVEL = "-O";
				VALIDATE_PRODUCT = YES;
			};
			name = Release;
		};
		FA633E3022A77D1D00DE6288 /* Debug */ = {
			isa = XCBuildConfiguration;
			buildSettings = {
				ASSETCATALOG_COMPILER_APPICON_NAME = AppIcon;
				CODE_SIGN_ENTITLEMENTS = SwiftUI2048/SwiftUI2048.entitlements;
				"CODE_SIGN_IDENTITY[sdk=*]" = "";
				CODE_SIGN_STYLE = Automatic;
				DERIVE_UIKITFORMAC_PRODUCT_BUNDLE_IDENTIFIER = YES;
				DEVELOPMENT_ASSET_PATHS = "SwiftUI2048/Preview\\ Content";
				DEVELOPMENT_TEAM = 9ZS3K56XF5;
				ENABLE_PREVIEWS = YES;
				INFOPLIST_FILE = SwiftUI2048/Info.plist;
				LD_RUNPATH_SEARCH_PATHS = (
					"$(inherited)",
					"@executable_path/Frameworks",
				);
				PRODUCT_BUNDLE_IDENTIFIER = com.cyandev.SwiftUI2048;
				PRODUCT_NAME = "$(TARGET_NAME)";
				SUPPORTS_UIKITFORMAC = YES;
				SWIFT_VERSION = 5.0;
				TARGETED_DEVICE_FAMILY = "1,2";
			};
			name = Debug;
		};
		FA633E3122A77D1D00DE6288 /* Release */ = {
			isa = XCBuildConfiguration;
			buildSettings = {
				ASSETCATALOG_COMPILER_APPICON_NAME = AppIcon;
				CODE_SIGN_ENTITLEMENTS = SwiftUI2048/SwiftUI2048.entitlements;
				"CODE_SIGN_IDENTITY[sdk=*]" = "";
				CODE_SIGN_STYLE = Automatic;
				DERIVE_UIKITFORMAC_PRODUCT_BUNDLE_IDENTIFIER = YES;
				DEVELOPMENT_ASSET_PATHS = "SwiftUI2048/Preview\\ Content";
				DEVELOPMENT_TEAM = 9ZS3K56XF5;
				ENABLE_PREVIEWS = YES;
				INFOPLIST_FILE = SwiftUI2048/Info.plist;
				LD_RUNPATH_SEARCH_PATHS = (
					"$(inherited)",
					"@executable_path/Frameworks",
				);
				PRODUCT_BUNDLE_IDENTIFIER = com.cyandev.SwiftUI2048;
				PRODUCT_NAME = "$(TARGET_NAME)";
				SUPPORTS_UIKITFORMAC = YES;
				SWIFT_VERSION = 5.0;
				TARGETED_DEVICE_FAMILY = "1,2";
			};
			name = Release;
		};
/* End XCBuildConfiguration section */

/* Begin XCConfigurationList section */
		FA633E1622A77D1C00DE6288 /* Build configuration list for PBXProject "SwiftUI2048" */ = {
			isa = XCConfigurationList;
			buildConfigurations = (
				FA633E2D22A77D1D00DE6288 /* Debug */,
				FA633E2E22A77D1D00DE6288 /* Release */,
			);
			defaultConfigurationIsVisible = 0;
			defaultConfigurationName = Release;
		};
		FA633E2F22A77D1D00DE6288 /* Build configuration list for PBXNativeTarget "2048" */ = {
			isa = XCConfigurationList;
			buildConfigurations = (
				FA633E3022A77D1D00DE6288 /* Debug */,
				FA633E3122A77D1D00DE6288 /* Release */,
			);
			defaultConfigurationIsVisible = 0;
			defaultConfigurationName = Release;
		};
/* End XCConfigurationList section */
	};
	rootObject = FA633E1322A77D1C00DE6288 /* Project object */;
}
