// !$*UTF8*$!
{
	archiveVersion = 1;
	classes = {
	};
	objectVersion = 50;
	objects = {

/* Begin PBXBuildFile section */
		C313C0B822A6FBAC00FF2AFB /* AppDelegate.swift in Sources */ = {isa = PBXBuildFile; fileRef = C313C0B722A6FBAC00FF2AFB /* AppDelegate.swift */; };
		C313C0BA22A6FBAC00FF2AFB /* SceneDelegate.swift in Sources */ = {isa = PBXBuildFile; fileRef = C313C0B922A6FBAC00FF2AFB /* SceneDelegate.swift */; };
		C313C0BD22A6FBAC00FF2AFB /* Instagram_SWUI.xcdatamodeld in Sources */ = {isa = PBXBuildFile; fileRef = C313C0BB22A6FBAC00FF2AFB /* Instagram_SWUI.xcdatamodeld */; };
		C313C0BF22A6FBAC00FF2AFB /* ContentView.swift in Sources */ = {isa = PBXBuildFile; fileRef = C313C0BE22A6FBAC00FF2AFB /* ContentView.swift */; };
		C313C0C122A6FBAE00FF2AFB /* Assets.xcassets in Resources */ = {isa = PBXBuildFile; fileRef = C313C0C022A6FBAE00FF2AFB /* Assets.xcassets */; };
		C313C0C422A6FBAE00FF2AFB /* Preview Assets.xcassets in Resources */ = {isa = PBXBuildFile; fileRef = C313C0C322A6FBAE00FF2AFB /* Preview Assets.xcassets */; };
		C313C0C722A6FBAE00FF2AFB /* LaunchScreen.storyboard in Resources */ = {isa = PBXBuildFile; fileRef = C313C0C522A6FBAE00FF2AFB /* LaunchScreen.storyboard */; };
		C313C0F422A727EE00FF2AFB /* InstaPhoto.swift in Sources */ = {isa = PBXBuildFile; fileRef = C313C0F322A727EE00FF2AFB /* InstaPhoto.swift */; };
		C313C10222A778D100FF2AFB /* PhotoLibrary.swift in Sources */ = {isa = PBXBuildFile; fileRef = C313C10122A778D100FF2AFB /* PhotoLibrary.swift */; };
		C313C10822A8301D00FF2AFB /* CameraView.swift in Sources */ = {isa = PBXBuildFile; fileRef = C313C10722A8301D00FF2AFB /* CameraView.swift */; };
		C34D712822A9B14700E60D50 /* CameraViewController.swift in Sources */ = {isa = PBXBuildFile; fileRef = C34D712722A9B14700E60D50 /* CameraViewController.swift */; };
/* End PBXBuildFile section */

/* Begin PBXFileReference section */
		C313C0B422A6FBAC00FF2AFB /* Instagram-SWUI.app */ = {isa = PBXFileReference; explicitFileType = wrapper.application; includeInIndex = 0; path = "Instagram-SWUI.app"; sourceTree = BUILT_PRODUCTS_DIR; };
		C313C0B722A6FBAC00FF2AFB /* AppDelegate.swift */ = {isa = PBXFileReference; lastKnownFileType = sourcecode.swift; path = AppDelegate.swift; sourceTree = "<group>"; };
		C313C0B922A6FBAC00FF2AFB /* SceneDelegate.swift */ = {isa = PBXFileReference; lastKnownFileType = sourcecode.swift; path = SceneDelegate.swift; sourceTree = "<group>"; };
		C313C0BC22A6FBAC00FF2AFB /* Instagram_SWUI.xcdatamodel */ = {isa = PBXFileReference; lastKnownFileType = wrapper.xcdatamodel; path = Instagram_SWUI.xcdatamodel; sourceTree = "<group>"; };
		C313C0BE22A6FBAC00FF2AFB /* ContentView.swift */ = {isa = PBXFileReference; lastKnownFileType = sourcecode.swift; path = ContentView.swift; sourceTree = "<group>"; };
		C313C0C022A6FBAE00FF2AFB /* Assets.xcassets */ = {isa = PBXFileReference; lastKnownFileType = folder.assetcatalog; path = Assets.xcassets; sourceTree = "<group>"; };
		C313C0C322A6FBAE00FF2AFB /* Preview Assets.xcassets */ = {isa = PBXFileReference; lastKnownFileType = folder.assetcatalog; path = "Preview Assets.xcassets"; sourceTree = "<group>"; };
		C313C0C622A6FBAE00FF2AFB /* Base */ = {isa = PBXFileReference; lastKnownFileType = file.storyboard; name = Base; path = Base.lproj/LaunchScreen.storyboard; sourceTree = "<group>"; };
		C313C0C822A6FBAE00FF2AFB /* Info.plist */ = {isa = PBXFileReference; lastKnownFileType = text.plist.xml; path = Info.plist; sourceTree = "<group>"; };
		C313C0F322A727EE00FF2AFB /* InstaPhoto.swift */ = {isa = PBXFileReference; lastKnownFileType = sourcecode.swift; path = InstaPhoto.swift; sourceTree = "<group>"; };
		C313C10122A778D100FF2AFB /* PhotoLibrary.swift */ = {isa = PBXFileReference; lastKnownFileType = sourcecode.swift; path = PhotoLibrary.swift; sourceTree = "<group>"; };
		C313C10722A8301D00FF2AFB /* CameraView.swift */ = {isa = PBXFileReference; lastKnownFileType = sourcecode.swift; path = CameraView.swift; sourceTree = "<group>"; };
		C34D712722A9B14700E60D50 /* CameraViewController.swift */ = {isa = PBXFileReference; lastKnownFileType = sourcecode.swift; path = CameraViewController.swift; sourceTree = "<group>"; };
		C34D712922A9C1CF00E60D50 /* Instagram-SWUI.entitlements */ = {isa = PBXFileReference; lastKnownFileType = text.plist.entitlements; path = "Instagram-SWUI.entitlements"; sourceTree = "<group>"; };
/* End PBXFileReference section */

/* Begin PBXFrameworksBuildPhase section */
		C313C0B122A6FBAC00FF2AFB /* Frameworks */ = {
			isa = PBXFrameworksBuildPhase;
			buildActionMask = 2147483647;
			files = (
			);
			runOnlyForDeploymentPostprocessing = 0;
		};
/* End PBXFrameworksBuildPhase section */

/* Begin PBXGroup section */
		C313C0AB22A6FBAC00FF2AFB = {
			isa = PBXGroup;
			children = (
				C313C0B622A6FBAC00FF2AFB /* Instagram-SWUI */,
				C313C0B522A6FBAC00FF2AFB /* Products */,
			);
			sourceTree = "<group>";
		};
		C313C0B522A6FBAC00FF2AFB /* Products */ = {
			isa = PBXGroup;
			children = (
				C313C0B422A6FBAC00FF2AFB /* Instagram-SWUI.app */,
			);
			name = Products;
			sourceTree = "<group>";
		};
		C313C0B622A6FBAC00FF2AFB /* Instagram-SWUI */ = {
			isa = PBXGroup;
			children = (
				C34D712922A9C1CF00E60D50 /* Instagram-SWUI.entitlements */,
				C313C0B722A6FBAC00FF2AFB /* AppDelegate.swift */,
				C313C0B922A6FBAC00FF2AFB /* SceneDelegate.swift */,
				C34D712722A9B14700E60D50 /* CameraViewController.swift */,
				C313C0BE22A6FBAC00FF2AFB /* ContentView.swift */,
				C313C10722A8301D00FF2AFB /* CameraView.swift */,
				C313C0F322A727EE00FF2AFB /* InstaPhoto.swift */,
				C313C10122A778D100FF2AFB /* PhotoLibrary.swift */,
				C313C0C022A6FBAE00FF2AFB /* Assets.xcassets */,
				C313C0C522A6FBAE00FF2AFB /* LaunchScreen.storyboard */,
				C313C0C822A6FBAE00FF2AFB /* Info.plist */,
				C313C0BB22A6FBAC00FF2AFB /* Instagram_SWUI.xcdatamodeld */,
				C313C0C222A6FBAE00FF2AFB /* Preview Content */,
			);
			path = "Instagram-SWUI";
			sourceTree = "<group>";
		};
		C313C0C222A6FBAE00FF2AFB /* Preview Content */ = {
			isa = PBXGroup;
			children = (
				C313C0C322A6FBAE00FF2AFB /* Preview Assets.xcassets */,
			);
			path = "Preview Content";
			sourceTree = "<group>";
		};
/* End PBXGroup section */

/* Begin PBXNativeTarget section */
		C313C0B322A6FBAC00FF2AFB /* Instagram-SWUI */ = {
			isa = PBXNativeTarget;
			buildConfigurationList = C313C0CB22A6FBAE00FF2AFB /* Build configuration list for PBXNativeTarget "Instagram-SWUI" */;
			buildPhases = (
				C313C0B022A6FBAC00FF2AFB /* Sources */,
				C313C0B122A6FBAC00FF2AFB /* Frameworks */,
				C313C0B222A6FBAC00FF2AFB /* Resources */,
			);
			buildRules = (
			);
			dependencies = (
			);
			name = "Instagram-SWUI";
			productName = "Instagram-SWUI";
			productReference = C313C0B422A6FBAC00FF2AFB /* Instagram-SWUI.app */;
			productType = "com.apple.product-type.application";
		};
/* End PBXNativeTarget section */

/* Begin PBXProject section */
		C313C0AC22A6FBAC00FF2AFB /* Project object */ = {
			isa = PBXProject;
			attributes = {
				LastSwiftUpdateCheck = 1100;
				LastUpgradeCheck = 1100;
				ORGANIZATIONNAME = "leavenstee llc";
				TargetAttributes = {
					C313C0B322A6FBAC00FF2AFB = {
						CreatedOnToolsVersion = 11.0;
					};
				};
			};
			buildConfigurationList = C313C0AF22A6FBAC00FF2AFB /* Build configuration list for PBXProject "Instagram-SWUI" */;
			compatibilityVersion = "Xcode 9.3";
			developmentRegion = en;
			hasScannedForEncodings = 0;
			knownRegions = (
				en,
				Base,
			);
			mainGroup = C313C0AB22A6FBAC00FF2AFB;
			productRefGroup = C313C0B522A6FBAC00FF2AFB /* Products */;
			projectDirPath = "";
			projectRoot = "";
			targets = (
				C313C0B322A6FBAC00FF2AFB /* Instagram-SWUI */,
			);
		};
/* End PBXProject section */

/* Begin PBXResourcesBuildPhase section */
		C313C0B222A6FBAC00FF2AFB /* Resources */ = {
			isa = PBXResourcesBuildPhase;
			buildActionMask = 2147483647;
			files = (
				C313C0C722A6FBAE00FF2AFB /* LaunchScreen.storyboard in Resources */,
				C313C0C422A6FBAE00FF2AFB /* Preview Assets.xcassets in Resources */,
				C313C0C122A6FBAE00FF2AFB /* Assets.xcassets in Resources */,
			);
			runOnlyForDeploymentPostprocessing = 0;
		};
/* End PBXResourcesBuildPhase section */

/* Begin PBXSourcesBuildPhase section */
		C313C0B022A6FBAC00FF2AFB /* Sources */ = {
			isa = PBXSourcesBuildPhase;
			buildActionMask = 2147483647;
			files = (
				C313C0B822A6FBAC00FF2AFB /* AppDelegate.swift in Sources */,
				C313C0BD22A6FBAC00FF2AFB /* Instagram_SWUI.xcdatamodeld in Sources */,
				C313C0F422A727EE00FF2AFB /* InstaPhoto.swift in Sources */,
				C313C10222A778D100FF2AFB /* PhotoLibrary.swift in Sources */,
				C313C0BF22A6FBAC00FF2AFB /* ContentView.swift in Sources */,
				C34D712822A9B14700E60D50 /* CameraViewController.swift in Sources */,
				C313C0BA22A6FBAC00FF2AFB /* SceneDelegate.swift in Sources */,
				C313C10822A8301D00FF2AFB /* CameraView.swift in Sources */,
			);
			runOnlyForDeploymentPostprocessing = 0;
		};
/* End PBXSourcesBuildPhase section */

/* Begin PBXVariantGroup section */
		C313C0C522A6FBAE00FF2AFB /* LaunchScreen.storyboard */ = {
			isa = PBXVariantGroup;
			children = (
				C313C0C622A6FBAE00FF2AFB /* Base */,
			);
			name = LaunchScreen.storyboard;
			sourceTree = "<group>";
		};
/* End PBXVariantGroup section */

/* Begin XCBuildConfiguration section */
		C313C0C922A6FBAE00FF2AFB /* Debug */ = {
			isa = XCBuildConfiguration;
			buildSettings = {
				ALWAYS_SEARCH_USER_PATHS = NO;
				CLANG_ANALYZER_NONNULL = YES;
				CLANG_ANALYZER_NUMBER_OBJECT_CONVERSION = YES_AGGRESSIVE;
				CLANG_CXX_LANGUAGE_STANDARD = "gnu++14";
				CLANG_CXX_LIBRARY = "libc++";
				CLANG_ENABLE_MODULES = YES;
				CLANG_ENABLE_OBJC_ARC = YES;
				CLANG_ENABLE_OBJC_WEAK = YES;
				CLANG_WARN_BLOCK_CAPTURE_AUTORELEASING = YES;
				CLANG_WARN_BOOL_CONVERSION = YES;
				CLANG_WARN_COMMA = YES;
				CLANG_WARN_CONSTANT_CONVERSION = YES;
				CLANG_WARN_DEPRECATED_OBJC_IMPLEMENTATIONS = YES;
				CLANG_WARN_DIRECT_OBJC_ISA_USAGE = YES_ERROR;
				CLANG_WARN_DOCUMENTATION_COMMENTS = YES;
				CLANG_WARN_EMPTY_BODY = YES;
				CLANG_WARN_ENUM_CONVERSION = YES;
				CLANG_WARN_INFINITE_RECURSION = YES;
				CLANG_WARN_INT_CONVERSION = YES;
				CLANG_WARN_NON_LITERAL_NULL_CONVERSION = YES;
				CLANG_WARN_OBJC_IMPLICIT_RETAIN_SELF = YES;
				CLANG_WARN_OBJC_LITERAL_CONVERSION = YES;
				CLANG_WARN_OBJC_ROOT_CLASS = YES_ERROR;
				CLANG_WARN_RANGE_LOOP_ANALYSIS = YES;
				CLANG_WARN_STRICT_PROTOTYPES = YES;
				CLANG_WARN_SUSPICIOUS_MOVE = YES;
				CLANG_WARN_UNGUARDED_AVAILABILITY = YES_AGGRESSIVE;
				CLANG_WARN_UNREACHABLE_CODE = YES;
				CLANG_WARN__DUPLICATE_METHOD_MATCH = YES;
				COPY_PHASE_STRIP = NO;
				DEBUG_INFORMATION_FORMAT = dwarf;
				ENABLE_STRICT_OBJC_MSGSEND = YES;
				ENABLE_TESTABILITY = YES;
				GCC_C_LANGUAGE_STANDARD = gnu11;
				GCC_DYNAMIC_NO_PIC = NO;
				GCC_NO_COMMON_BLOCKS = YES;
				GCC_OPTIMIZATION_LEVEL = 0;
				GCC_PREPROCESSOR_DEFINITIONS = (
					"DEBUG=1",
					"$(inherited)",
				);
				GCC_WARN_64_TO_32_BIT_CONVERSION = YES;
				GCC_WARN_ABOUT_RETURN_TYPE = YES_ERROR;
				GCC_WARN_UNDECLARED_SELECTOR = YES;
				GCC_WARN_UNINITIALIZED_AUTOS = YES_AGGRESSIVE;
				GCC_WARN_UNUSED_FUNCTION = YES;
				GCC_WARN_UNUSED_VARIABLE = YES;
				IPHONEOS_DEPLOYMENT_TARGET = 13.0;
				MTL_ENABLE_DEBUG_INFO = INCLUDE_SOURCE;
				MTL_FAST_MATH = YES;
				ONLY_ACTIVE_ARCH = YES;
				SDKROOT = iphoneos;
				SWIFT_ACTIVE_COMPILATION_CONDITIONS = DEBUG;
				SWIFT_OPTIMIZATION_LEVEL = "-Onone";
			};
			name = Debug;
		};
		C313C0CA22A6FBAE00FF2AFB /* Release */ = {
			isa = XCBuildConfiguration;
			buildSettings = {
				ALWAYS_SEARCH_USER_PATHS = NO;
				CLANG_ANALYZER_NONNULL = YES;
				CLANG_ANALYZER_NUMBER_OBJECT_CONVERSION = YES_AGGRESSIVE;
				CLANG_CXX_LANGUAGE_STANDARD = "gnu++14";
				CLANG_CXX_LIBRARY = "libc++";
				CLANG_ENABLE_MODULES = YES;
				CLANG_ENABLE_OBJC_ARC = YES;
				CLANG_ENABLE_OBJC_WEAK = YES;
				CLANG_WARN_BLOCK_CAPTURE_AUTORELEASING = YES;
				CLANG_WARN_BOOL_CONVERSION = YES;
				CLANG_WARN_COMMA = YES;
				CLANG_WARN_CONSTANT_CONVERSION = YES;
				CLANG_WARN_DEPRECATED_OBJC_IMPLEMENTATIONS = YES;
				CLANG_WARN_DIRECT_OBJC_ISA_USAGE = YES_ERROR;
				CLANG_WARN_DOCUMENTATION_COMMENTS = YES;
				CLANG_WARN_EMPTY_BODY = YES;
				CLANG_WARN_ENUM_CONVERSION = YES;
				CLANG_WARN_INFINITE_RECURSION = YES;
				CLANG_WARN_INT_CONVERSION = YES;
				CLANG_WARN_NON_LITERAL_NULL_CONVERSION = YES;
				CLANG_WARN_OBJC_IMPLICIT_RETAIN_SELF = YES;
				CLANG_WARN_OBJC_LITERAL_CONVERSION = YES;
				CLANG_WARN_OBJC_ROOT_CLASS = YES_ERROR;
				CLANG_WARN_RANGE_LOOP_ANALYSIS = YES;
				CLANG_WARN_STRICT_PROTOTYPES = YES;
				CLANG_WARN_SUSPICIOUS_MOVE = YES;
				CLANG_WARN_UNGUARDED_AVAILABILITY = YES_AGGRESSIVE;
				CLANG_WARN_UNREACHABLE_CODE = YES;
				CLANG_WARN__DUPLICATE_METHOD_MATCH = YES;
				COPY_PHASE_STRIP = NO;
				DEBUG_INFORMATION_FORMAT = "dwarf-with-dsym";
				ENABLE_NS_ASSERTIONS = NO;
				ENABLE_STRICT_OBJC_MSGSEND = YES;
				GCC_C_LANGUAGE_STANDARD = gnu11;
				GCC_NO_COMMON_BLOCKS = YES;
				GCC_WARN_64_TO_32_BIT_CONVERSION = YES;
				GCC_WARN_ABOUT_RETURN_TYPE = YES_ERROR;
				GCC_WARN_UNDECLARED_SELECTOR = YES;
				GCC_WARN_UNINITIALIZED_AUTOS = YES_AGGRESSIVE;
				GCC_WARN_UNUSED_FUNCTION = YES;
				GCC_WARN_UNUSED_VARIABLE = YES;
				IPHONEOS_DEPLOYMENT_TARGET = 13.0;
				MTL_ENABLE_DEBUG_INFO = NO;
				MTL_FAST_MATH = YES;
				SDKROOT = iphoneos;
				SWIFT_COMPILATION_MODE = wholemodule;
				SWIFT_OPTIMIZATION_LEVEL = "-O";
				VALIDATE_PRODUCT = YES;
			};
			name = Release;
		};
		C313C0CC22A6FBAE00FF2AFB /* Debug */ = {
			isa = XCBuildConfiguration;
			buildSettings = {
				ASSETCATALOG_COMPILER_APPICON_NAME = AppIcon;
				CODE_SIGN_ENTITLEMENTS = "Instagram-SWUI/Instagram-SWUI.entitlements";
				CODE_SIGN_STYLE = Automatic;
				DEVELOPMENT_ASSET_PATHS = "Instagram-SWUI/Preview\\ Content";
				DEVELOPMENT_TEAM = D846Q7V7YL;
				ENABLE_PREVIEWS = YES;
				INFOPLIST_FILE = "Instagram-SWUI/Info.plist";
				LD_RUNPATH_SEARCH_PATHS = (
					"$(inherited)",
					"@executable_path/Frameworks",
				);
				PRODUCT_BUNDLE_IDENTIFIER = "leavenstee.Instagram-SWUI";
				PRODUCT_NAME = "$(TARGET_NAME)";
				SUPPORTS_UIKITFORMAC = NO;
				SWIFT_VERSION = 5.0;
				TARGETED_DEVICE_FAMILY = "1,2";
			};
			name = Debug;
		};
		C313C0CD22A6FBAE00FF2AFB /* Release */ = {
			isa = XCBuildConfiguration;
			buildSettings = {
				ASSETCATALOG_COMPILER_APPICON_NAME = AppIcon;
				CODE_SIGN_ENTITLEMENTS = "Instagram-SWUI/Instagram-SWUI.entitlements";
				CODE_SIGN_STYLE = Automatic;
				DEVELOPMENT_ASSET_PATHS = "Instagram-SWUI/Preview\\ Content";
				DEVELOPMENT_TEAM = D846Q7V7YL;
				ENABLE_PREVIEWS = YES;
				INFOPLIST_FILE = "Instagram-SWUI/Info.plist";
				LD_RUNPATH_SEARCH_PATHS = (
					"$(inherited)",
					"@executable_path/Frameworks",
				);
				PRODUCT_BUNDLE_IDENTIFIER = "leavenstee.Instagram-SWUI";
				PRODUCT_NAME = "$(TARGET_NAME)";
				SUPPORTS_UIKITFORMAC = NO;
				SWIFT_VERSION = 5.0;
				TARGETED_DEVICE_FAMILY = "1,2";
			};
			name = Release;
		};
/* End XCBuildConfiguration section */

/* Begin XCConfigurationList section */
		C313C0AF22A6FBAC00FF2AFB /* Build configuration list for PBXProject "Instagram-SWUI" */ = {
			isa = XCConfigurationList;
			buildConfigurations = (
				C313C0C922A6FBAE00FF2AFB /* Debug */,
				C313C0CA22A6FBAE00FF2AFB /* Release */,
			);
			defaultConfigurationIsVisible = 0;
			defaultConfigurationName = Release;
		};
		C313C0CB22A6FBAE00FF2AFB /* Build configuration list for PBXNativeTarget "Instagram-SWUI" */ = {
			isa = XCConfigurationList;
			buildConfigurations = (
				C313C0CC22A6FBAE00FF2AFB /* Debug */,
				C313C0CD22A6FBAE00FF2AFB /* Release */,
			);
			defaultConfigurationIsVisible = 0;
			defaultConfigurationName = Release;
		};
/* End XCConfigurationList section */

/* Begin XCVersionGroup section */
		C313C0BB22A6FBAC00FF2AFB /* Instagram_SWUI.xcdatamodeld */ = {
			isa = XCVersionGroup;
			children = (
				C313C0BC22A6FBAC00FF2AFB /* Instagram_SWUI.xcdatamodel */,
			);
			currentVersion = C313C0BC22A6FBAC00FF2AFB /* Instagram_SWUI.xcdatamodel */;
			path = Instagram_SWUI.xcdatamodeld;
			sourceTree = "<group>";
			versionGroupType = wrapper.xcdatamodel;
		};
/* End XCVersionGroup section */
	};
	rootObject = C313C0AC22A6FBAC00FF2AFB /* Project object */;
}
